// !$*UTF8*$!
{
	archiveVersion = 1;
	classes = {
	};
	objectVersion = 77;
	objects = {

/* Begin PBXBuildFile section */
		04B579BFF154C81F712AE4FF /* main.swift in Sources */ = {isa = PBXBuildFile; fileRef = 97C382C21FF15F00D7ECCCC2 /* main.swift */; };
		09F8F53DA9706D28113C8B09 /* CaffeineCommand.swift in Sources */ = {isa = PBXBuildFile; fileRef = E4F9E7E4ACDC39B9CBFF226C /* CaffeineCommand.swift */; };
		0C122DE89EF49D8D6D5076E4 /* ClamshellController.swift in Sources */ = {isa = PBXBuildFile; fileRef = CF3808965F3F205D3A451868 /* ClamshellController.swift */; };
		2C623CC22915B4088A223F26 /* ClamshellController.swift in Sources */ = {isa = PBXBuildFile; fileRef = CF3808965F3F205D3A451868 /* ClamshellController.swift */; };
		2F6711470E2407AA9CA54D95 /* CaffeineAppearanceTests.swift in Sources */ = {isa = PBXBuildFile; fileRef = CF724271A2946C70015EED0E /* CaffeineAppearanceTests.swift */; };
		315FB7E8D277E380609BE19B /* CaffeineAppearance.swift in Sources */ = {isa = PBXBuildFile; fileRef = C0399F087856C18CDF562BEF /* CaffeineAppearance.swift */; };
		46534EFE9D9F7816DE201D76 /* CaffeineControls.appex in Embed Foundation Extensions */ = {isa = PBXBuildFile; fileRef = A5D52F34AE02FC907445172A /* CaffeineControls.appex */; settings = {ATTRIBUTES = (RemoveHeadersOnCopy, ); }; };
		5A530F8039AA5B4E795E78A4 /* CaffeineCommandTests.swift in Sources */ = {isa = PBXBuildFile; fileRef = 7CD627BAEFA255C7E88B1CEF /* CaffeineCommandTests.swift */; };
		70660F187B23AC4A2CB6A02A /* CaffeineAppearance.swift in Sources */ = {isa = PBXBuildFile; fileRef = C0399F087856C18CDF562BEF /* CaffeineAppearance.swift */; };
		70EB916019E5C2A25E72D5F7 /* IOKit.framework in Frameworks */ = {isa = PBXBuildFile; fileRef = 68A7905CB8C59F068C01F0B8 /* IOKit.framework */; };
		71A23A0DC3438A6A1163DC9E /* CaffeineAppearance.swift in Sources */ = {isa = PBXBuildFile; fileRef = C0399F087856C18CDF562BEF /* CaffeineAppearance.swift */; };
		95746112A20AC6679E36C5F1 /* CaffeineCommand.swift in Sources */ = {isa = PBXBuildFile; fileRef = E4F9E7E4ACDC39B9CBFF226C /* CaffeineCommand.swift */; };
		CC18F3C7DC422829E476C8AC /* IOKit.framework in Frameworks */ = {isa = PBXBuildFile; fileRef = 68A7905CB8C59F068C01F0B8 /* IOKit.framework */; };
		ED234D238AB3F766FE4B3ADD /* ClamshellControllerTests.swift in Sources */ = {isa = PBXBuildFile; fileRef = 92FF8C841743CA36BB1AD9CA /* ClamshellControllerTests.swift */; };
		FC3790012C375047DFF7C3C3 /* CaffeineCommand.swift in Sources */ = {isa = PBXBuildFile; fileRef = E4F9E7E4ACDC39B9CBFF226C /* CaffeineCommand.swift */; };
		FE8EC3B483A69ABD084DCC96 /* CaffeineControl.swift in Sources */ = {isa = PBXBuildFile; fileRef = 59CF3B2410F1DDD1BD2E0651 /* CaffeineControl.swift */; };
/* End PBXBuildFile section */

/* Begin PBXContainerItemProxy section */
		AAA9214ADE0E2CA803C91624 /* PBXContainerItemProxy */ = {
			isa = PBXContainerItemProxy;
			containerPortal = ADD557CA21B269A7DFE18867 /* Project object */;
			proxyType = 1;
			remoteGlobalIDString = AAC221D40B8BEBD13B3E70BB;
			remoteInfo = CaffeineControls;
		};
/* End PBXContainerItemProxy section */

/* Begin PBXCopyFilesBuildPhase section */
		04599BD4310A53E09926C0A9 /* Embed Foundation Extensions */ = {
			isa = PBXCopyFilesBuildPhase;
			buildActionMask = 2147483647;
			dstPath = "";
			dstSubfolderSpec = 13;
			files = (
				46534EFE9D9F7816DE201D76 /* CaffeineControls.appex in Embed Foundation Extensions */,
			);
			name = "Embed Foundation Extensions";
			runOnlyForDeploymentPostprocessing = 0;
		};
/* End PBXCopyFilesBuildPhase section */

/* Begin PBXFileReference section */
		2312AB5BD5A4657BF26FF3D6 /* CaffeineToggleTests.xctest */ = {isa = PBXFileReference; explicitFileType = wrapper.cfbundle; includeInIndex = 0; path = CaffeineToggleTests.xctest; sourceTree = BUILT_PRODUCTS_DIR; };
		59CF3B2410F1DDD1BD2E0651 /* CaffeineControl.swift */ = {isa = PBXFileReference; lastKnownFileType = sourcecode.swift; path = CaffeineControl.swift; sourceTree = "<group>"; };
		68A7905CB8C59F068C01F0B8 /* IOKit.framework */ = {isa = PBXFileReference; lastKnownFileType = wrapper.framework; name = IOKit.framework; path = System/Library/Frameworks/IOKit.framework; sourceTree = SDKROOT; };
		7CD627BAEFA255C7E88B1CEF /* CaffeineCommandTests.swift */ = {isa = PBXFileReference; lastKnownFileType = sourcecode.swift; path = CaffeineCommandTests.swift; sourceTree = "<group>"; };
		92FF8C841743CA36BB1AD9CA /* ClamshellControllerTests.swift */ = {isa = PBXFileReference; lastKnownFileType = sourcecode.swift; path = ClamshellControllerTests.swift; sourceTree = "<group>"; };
		97C382C21FF15F00D7ECCCC2 /* main.swift */ = {isa = PBXFileReference; lastKnownFileType = sourcecode.swift; path = main.swift; sourceTree = "<group>"; };
		9E6BFCF946294CFA6143D652 /* CaffeineToggle.app */ = {isa = PBXFileReference; explicitFileType = wrapper.application; includeInIndex = 0; path = CaffeineToggle.app; sourceTree = BUILT_PRODUCTS_DIR; };
		A5D52F34AE02FC907445172A /* CaffeineControls.appex */ = {isa = PBXFileReference; explicitFileType = "wrapper.app-extension"; includeInIndex = 0; path = CaffeineControls.appex; sourceTree = BUILT_PRODUCTS_DIR; };
		C0399F087856C18CDF562BEF /* CaffeineAppearance.swift */ = {isa = PBXFileReference; lastKnownFileType = sourcecode.swift; path = CaffeineAppearance.swift; sourceTree = "<group>"; };
		CF3808965F3F205D3A451868 /* ClamshellController.swift */ = {isa = PBXFileReference; lastKnownFileType = sourcecode.swift; path = ClamshellController.swift; sourceTree = "<group>"; };
		CF724271A2946C70015EED0E /* CaffeineAppearanceTests.swift */ = {isa = PBXFileReference; lastKnownFileType = sourcecode.swift; path = CaffeineAppearanceTests.swift; sourceTree = "<group>"; };
		E4F9E7E4ACDC39B9CBFF226C /* CaffeineCommand.swift */ = {isa = PBXFileReference; lastKnownFileType = sourcecode.swift; path = CaffeineCommand.swift; sourceTree = "<group>"; };
/* End PBXFileReference section */

/* Begin PBXFrameworksBuildPhase section */
		024B1E3379F54B9FD5A83CB6 /* Frameworks */ = {
			isa = PBXFrameworksBuildPhase;
			buildActionMask = 2147483647;
			files = (
				70EB916019E5C2A25E72D5F7 /* IOKit.framework in Frameworks */,
			);
			runOnlyForDeploymentPostprocessing = 0;
		};
		BB90BA216CD0D47C4860B906 /* Frameworks */ = {
			isa = PBXFrameworksBuildPhase;
			buildActionMask = 2147483647;
			files = (
				CC18F3C7DC422829E476C8AC /* IOKit.framework in Frameworks */,
			);
			runOnlyForDeploymentPostprocessing = 0;
		};
/* End PBXFrameworksBuildPhase section */

/* Begin PBXGroup section */
		37BD439C9E5654EA6FDC8200 /* App */ = {
			isa = PBXGroup;
			children = (
				CF3808965F3F205D3A451868 /* ClamshellController.swift */,
				97C382C21FF15F00D7ECCCC2 /* main.swift */,
			);
			path = App;
			sourceTree = "<group>";
		};
		590CF2886E3043F891C4FB93 /* Tests */ = {
			isa = PBXGroup;
			children = (
				CF724271A2946C70015EED0E /* CaffeineAppearanceTests.swift */,
				7CD627BAEFA255C7E88B1CEF /* CaffeineCommandTests.swift */,
				92FF8C841743CA36BB1AD9CA /* ClamshellControllerTests.swift */,
			);
			path = Tests;
			sourceTree = "<group>";
		};
		777152CB4B9B8531485F9776 = {
			isa = PBXGroup;
			children = (
				37BD439C9E5654EA6FDC8200 /* App */,
				E12A0CE963279CD7AED22279 /* Control */,
				DCE90FD0D1B7797604327167 /* Shared */,
				590CF2886E3043F891C4FB93 /* Tests */,
				FAFDD64A3A2566A25DAF5EC1 /* Frameworks */,
				DEC2A7399A41C6F0DF075A94 /* Products */,
			);
			sourceTree = "<group>";
		};
		DCE90FD0D1B7797604327167 /* Shared */ = {
			isa = PBXGroup;
			children = (
				C0399F087856C18CDF562BEF /* CaffeineAppearance.swift */,
				E4F9E7E4ACDC39B9CBFF226C /* CaffeineCommand.swift */,
			);
			path = Shared;
			sourceTree = "<group>";
		};
		DEC2A7399A41C6F0DF075A94 /* Products */ = {
			isa = PBXGroup;
			children = (
				A5D52F34AE02FC907445172A /* CaffeineControls.appex */,
				9E6BFCF946294CFA6143D652 /* CaffeineToggle.app */,
				2312AB5BD5A4657BF26FF3D6 /* CaffeineToggleTests.xctest */,
			);
			name = Products;
			sourceTree = "<group>";
		};
		E12A0CE963279CD7AED22279 /* Control */ = {
			isa = PBXGroup;
			children = (
				59CF3B2410F1DDD1BD2E0651 /* CaffeineControl.swift */,
			);
			path = Control;
			sourceTree = "<group>";
		};
		FAFDD64A3A2566A25DAF5EC1 /* Frameworks */ = {
			isa = PBXGroup;
			children = (
				68A7905CB8C59F068C01F0B8 /* IOKit.framework */,
			);
			name = Frameworks;
			sourceTree = "<group>";
		};
/* End PBXGroup section */

/* Begin PBXNativeTarget section */
		9E79D61B0A32E14D8E1C476E /* CaffeineToggle */ = {
			isa = PBXNativeTarget;
			buildConfigurationList = 239BE9F2ADD4FB9C9239DAD5 /* Build configuration list for PBXNativeTarget "CaffeineToggle" */;
			buildPhases = (
				E4C7729CEE1C7CD01679187C /* Sources */,
				024B1E3379F54B9FD5A83CB6 /* Frameworks */,
				04599BD4310A53E09926C0A9 /* Embed Foundation Extensions */,
			);
			buildRules = (
			);
			dependencies = (
				3F6A7FA2AF13748067378454 /* PBXTargetDependency */,
			);
			name = CaffeineToggle;
			packageProductDependencies = (
			);
			productName = CaffeineToggle;
			productReference = 9E6BFCF946294CFA6143D652 /* CaffeineToggle.app */;
			productType = "com.apple.product-type.application";
		};
		AAC221D40B8BEBD13B3E70BB /* CaffeineControls */ = {
			isa = PBXNativeTarget;
			buildConfigurationList = F714B01124ADC3BA8CAAE04D /* Build configuration list for PBXNativeTarget "CaffeineControls" */;
			buildPhases = (
				221A3C9FC638B651280B1520 /* Sources */,
			);
			buildRules = (
			);
			dependencies = (
			);
			name = CaffeineControls;
			packageProductDependencies = (
			);
			productName = CaffeineControls;
			productReference = A5D52F34AE02FC907445172A /* CaffeineControls.appex */;
			productType = "com.apple.product-type.app-extension";
		};
		F301BCCDE589ADD36A89215F /* CaffeineToggleTests */ = {
			isa = PBXNativeTarget;
			buildConfigurationList = 86BBFB80C1E13DE0ACA293EE /* Build configuration list for PBXNativeTarget "CaffeineToggleTests" */;
			buildPhases = (
				C278F01907C38D8089C33C0F /* Sources */,
				BB90BA216CD0D47C4860B906 /* Frameworks */,
			);
			buildRules = (
			);
			dependencies = (
			);
			name = CaffeineToggleTests;
			packageProductDependencies = (
			);
			productName = CaffeineToggleTests;
			productReference = 2312AB5BD5A4657BF26FF3D6 /* CaffeineToggleTests.xctest */;
			productType = "com.apple.product-type.bundle.unit-test";
		};
/* End PBXNativeTarget section */

/* Begin PBXProject section */
		ADD557CA21B269A7DFE18867 /* Project object */ = {
			isa = PBXProject;
			attributes = {
				BuildIndependentTargetsInParallel = YES;
				LastUpgradeCheck = 1430;
				TargetAttributes = {
					9E79D61B0A32E14D8E1C476E = {
						DevelopmentTeam = 9NTP754TX2;
						ProvisioningStyle = Automatic;
					};
					AAC221D40B8BEBD13B3E70BB = {
						DevelopmentTeam = 9NTP754TX2;
						ProvisioningStyle = Automatic;
					};
					F301BCCDE589ADD36A89215F = {
						DevelopmentTeam = 9NTP754TX2;
						ProvisioningStyle = Automatic;
					};
				};
			};
			buildConfigurationList = 7558D6E414BC452269C2C146 /* Build configuration list for PBXProject "CaffeineToggle" */;
			developmentRegion = en;
			hasScannedForEncodings = 0;
			knownRegions = (
				Base,
				en,
			);
			mainGroup = 777152CB4B9B8531485F9776;
			minimizedProjectReferenceProxies = 1;
			preferredProjectObjectVersion = 77;
			productRefGroup = DEC2A7399A41C6F0DF075A94 /* Products */;
			projectDirPath = "";
			projectRoot = "";
			targets = (
				9E79D61B0A32E14D8E1C476E /* CaffeineToggle */,
				AAC221D40B8BEBD13B3E70BB /* CaffeineControls */,
				F301BCCDE589ADD36A89215F /* CaffeineToggleTests */,
			);
		};
/* End PBXProject section */

/* Begin PBXSourcesBuildPhase section */
		221A3C9FC638B651280B1520 /* Sources */ = {
			isa = PBXSourcesBuildPhase;
			buildActionMask = 2147483647;
			files = (
				71A23A0DC3438A6A1163DC9E /* CaffeineAppearance.swift in Sources */,
				09F8F53DA9706D28113C8B09 /* CaffeineCommand.swift in Sources */,
				FE8EC3B483A69ABD084DCC96 /* CaffeineControl.swift in Sources */,
			);
			runOnlyForDeploymentPostprocessing = 0;
		};
		C278F01907C38D8089C33C0F /* Sources */ = {
			isa = PBXSourcesBuildPhase;
			buildActionMask = 2147483647;
			files = (
				70660F187B23AC4A2CB6A02A /* CaffeineAppearance.swift in Sources */,
				2F6711470E2407AA9CA54D95 /* CaffeineAppearanceTests.swift in Sources */,
				FC3790012C375047DFF7C3C3 /* CaffeineCommand.swift in Sources */,
				5A530F8039AA5B4E795E78A4 /* CaffeineCommandTests.swift in Sources */,
				2C623CC22915B4088A223F26 /* ClamshellController.swift in Sources */,
				ED234D238AB3F766FE4B3ADD /* ClamshellControllerTests.swift in Sources */,
			);
			runOnlyForDeploymentPostprocessing = 0;
		};
		E4C7729CEE1C7CD01679187C /* Sources */ = {
			isa = PBXSourcesBuildPhase;
			buildActionMask = 2147483647;
			files = (
				315FB7E8D277E380609BE19B /* CaffeineAppearance.swift in Sources */,
				95746112A20AC6679E36C5F1 /* CaffeineCommand.swift in Sources */,
				0C122DE89EF49D8D6D5076E4 /* ClamshellController.swift in Sources */,
				04B579BFF154C81F712AE4FF /* main.swift in Sources */,
			);
			runOnlyForDeploymentPostprocessing = 0;
		};
/* End PBXSourcesBuildPhase section */

/* Begin PBXTargetDependency section */
		3F6A7FA2AF13748067378454 /* PBXTargetDependency */ = {
			isa = PBXTargetDependency;
			target = AAC221D40B8BEBD13B3E70BB /* CaffeineControls */;
			targetProxy = AAA9214ADE0E2CA803C91624 /* PBXContainerItemProxy */;
		};
/* End PBXTargetDependency section */

/* Begin XCBuildConfiguration section */
		232A8732F1D446EF434A135D /* Debug */ = {
			isa = XCBuildConfiguration;
			buildSettings = {
				BUNDLE_LOADER = "$(TEST_HOST)";
				CODE_SIGNING_ALLOWED = NO;
				COMBINE_HIDPI_IMAGES = YES;
				LD_RUNPATH_SEARCH_PATHS = (
					"$(inherited)",
					"@executable_path/../Frameworks",
					"@loader_path/../Frameworks",
				);
				PRODUCT_BUNDLE_IDENTIFIER = com.kimiyashar.CaffeineToggle.Tests;
				SDKROOT = macosx;
			};
			name = Debug;
		};
		57D53148EA170BAF6FABF1DC /* Release */ = {
			isa = XCBuildConfiguration;
			buildSettings = {
				APPLICATION_EXTENSION_API_ONLY = YES;
				CODE_SIGN_ENTITLEMENTS = Control/CaffeineControls.entitlements;
				COMBINE_HIDPI_IMAGES = YES;
				INFOPLIST_FILE = Control/Info.plist;
				LD_RUNPATH_SEARCH_PATHS = (
					"$(inherited)",
					"@executable_path/../Frameworks",
					"@executable_path/../../../../Frameworks",
				);
				PRODUCT_BUNDLE_IDENTIFIER = com.kimiyashar.CaffeineToggle.Controls;
				PRODUCT_NAME = CaffeineControls;
				SDKROOT = macosx;
				SKIP_INSTALL = YES;
			};
			name = Release;
		};
		7A0980751A36C36F1A95478F /* Release */ = {
			isa = XCBuildConfiguration;
			buildSettings = {
				ASSETCATALOG_COMPILER_APPICON_NAME = AppIcon;
				CODE_SIGN_ENTITLEMENTS = App/CaffeineToggle.entitlements;
				COMBINE_HIDPI_IMAGES = YES;
				EXECUTABLE_NAME = CaffeineToggle;
				INFOPLIST_FILE = Info.plist;
				LD_RUNPATH_SEARCH_PATHS = (
					"$(inherited)",
					"@executable_path/../Frameworks",
				);
				PRODUCT_BUNDLE_IDENTIFIER = com.kimiyashar.CaffeineToggle;
				PRODUCT_NAME = "Caffeine Toggle";
				SDKROOT = macosx;
			};
			name = Release;
		};
		80B502274DB53AD70A85A116 /* Debug */ = {
			isa = XCBuildConfiguration;
			buildSettings = {
				ALWAYS_SEARCH_USER_PATHS = NO;
				ARCHS = arm64;
				CLANG_ANALYZER_NONNULL = YES;
				CLANG_ANALYZER_NUMBER_OBJECT_CONVERSION = YES_AGGRESSIVE;
				CLANG_CXX_LANGUAGE_STANDARD = "gnu++14";
				CLANG_CXX_LIBRARY = "libc++";
				CLANG_ENABLE_MODULES = YES;
				CLANG_ENABLE_OBJC_ARC = YES;
				CLANG_ENABLE_OBJC_WEAK = YES;
				CLANG_WARN_BLOCK_CAPTURE_AUTORELEASING = YES;
				CLANG_WARN_BOOL_CONVERSION = YES;
				CLANG_WARN_COMMA = YES;
				CLANG_WARN_CONSTANT_CONVERSION = YES;
				CLANG_WARN_DEPRECATED_OBJC_IMPLEMENTATIONS = YES;
				CLANG_WARN_DIRECT_OBJC_ISA_USAGE = YES_ERROR;
				CLANG_WARN_DOCUMENTATION_COMMENTS = YES;
				CLANG_WARN_EMPTY_BODY = YES;
				CLANG_WARN_ENUM_CONVERSION = YES;
				CLANG_WARN_INFINITE_RECURSION = YES;
				CLANG_WARN_INT_CONVERSION = YES;
				CLANG_WARN_NON_LITERAL_NULL_CONVERSION = YES;
				CLANG_WARN_OBJC_IMPLICIT_RETAIN_SELF = YES;
				CLANG_WARN_OBJC_LITERAL_CONVERSION = YES;
				CLANG_WARN_OBJC_ROOT_CLASS = YES_ERROR;
				CLANG_WARN_QUOTED_INCLUDE_IN_FRAMEWORK_HEADER = YES;
				CLANG_WARN_RANGE_LOOP_ANALYSIS = YES;
				CLANG_WARN_STRICT_PROTOTYPES = YES;
				CLANG_WARN_SUSPICIOUS_MOVE = YES;
				CLANG_WARN_UNGUARDED_AVAILABILITY = YES_AGGRESSIVE;
				CLANG_WARN_UNREACHABLE_CODE = YES;
				CLANG_WARN__DUPLICATE_METHOD_MATCH = YES;
				CODE_SIGN_STYLE = Automatic;
				COPY_PHASE_STRIP = NO;
				DEBUG_INFORMATION_FORMAT = dwarf;
				DEVELOPMENT_TEAM = 9NTP754TX2;
				ENABLE_STRICT_OBJC_MSGSEND = YES;
				ENABLE_TESTABILITY = YES;
				GCC_C_LANGUAGE_STANDARD = gnu11;
				GCC_DYNAMIC_NO_PIC = NO;
				GCC_NO_COMMON_BLOCKS = YES;
				GCC_OPTIMIZATION_LEVEL = 0;
				GCC_PREPROCESSOR_DEFINITIONS = (
					"$(inherited)",
					"DEBUG=1",
				);
				GCC_WARN_64_TO_32_BIT_CONVERSION = YES;
				GCC_WARN_ABOUT_RETURN_TYPE = YES_ERROR;
				GCC_WARN_UNDECLARED_SELECTOR = YES;
				GCC_WARN_UNINITIALIZED_AUTOS = YES_AGGRESSIVE;
				GCC_WARN_UNUSED_FUNCTION = YES;
				GCC_WARN_UNUSED_VARIABLE = YES;
				MACOSX_DEPLOYMENT_TARGET = 26.0;
				MTL_ENABLE_DEBUG_INFO = INCLUDE_SOURCE;
				MTL_FAST_MATH = YES;
				ONLY_ACTIVE_ARCH = YES;
				PRODUCT_NAME = "$(TARGET_NAME)";
				SDKROOT = macosx;
				SWIFT_ACTIVE_COMPILATION_CONDITIONS = DEBUG;
				SWIFT_OPTIMIZATION_LEVEL = "-Onone";
				SWIFT_VERSION = 5.0;
			};
			name = Debug;
		};
		AD2F2CDD26E2CD775AA57E82 /* Release */ = {
			isa = XCBuildConfiguration;
			buildSettings = {
				BUNDLE_LOADER = "$(TEST_HOST)";
				CODE_SIGNING_ALLOWED = NO;
				COMBINE_HIDPI_IMAGES = YES;
				LD_RUNPATH_SEARCH_PATHS = (
					"$(inherited)",
					"@executable_path/../Frameworks",
					"@loader_path/../Frameworks",
				);
				PRODUCT_BUNDLE_IDENTIFIER = com.kimiyashar.CaffeineToggle.Tests;
				SDKROOT = macosx;
			};
			name = Release;
		};
		C6801774A822398BCACE851F /* Release */ = {
			isa = XCBuildConfiguration;
			buildSettings = {
				ALWAYS_SEARCH_USER_PATHS = NO;
				ARCHS = arm64;
				CLANG_ANALYZER_NONNULL = YES;
				CLANG_ANALYZER_NUMBER_OBJECT_CONVERSION = YES_AGGRESSIVE;
				CLANG_CXX_LANGUAGE_STANDARD = "gnu++14";
				CLANG_CXX_LIBRARY = "libc++";
				CLANG_ENABLE_MODULES = YES;
				CLANG_ENABLE_OBJC_ARC = YES;
				CLANG_ENABLE_OBJC_WEAK = YES;
				CLANG_WARN_BLOCK_CAPTURE_AUTORELEASING = YES;
				CLANG_WARN_BOOL_CONVERSION = YES;
				CLANG_WARN_COMMA = YES;
				CLANG_WARN_CONSTANT_CONVERSION = YES;
				CLANG_WARN_DEPRECATED_OBJC_IMPLEMENTATIONS = YES;
				CLANG_WARN_DIRECT_OBJC_ISA_USAGE = YES_ERROR;
				CLANG_WARN_DOCUMENTATION_COMMENTS = YES;
				CLANG_WARN_EMPTY_BODY = YES;
				CLANG_WARN_ENUM_CONVERSION = YES;
				CLANG_WARN_INFINITE_RECURSION = YES;
				CLANG_WARN_INT_CONVERSION = YES;
				CLANG_WARN_NON_LITERAL_NULL_CONVERSION = YES;
				CLANG_WARN_OBJC_IMPLICIT_RETAIN_SELF = YES;
				CLANG_WARN_OBJC_LITERAL_CONVERSION = YES;
				CLANG_WARN_OBJC_ROOT_CLASS = YES_ERROR;
				CLANG_WARN_QUOTED_INCLUDE_IN_FRAMEWORK_HEADER = YES;
				CLANG_WARN_RANGE_LOOP_ANALYSIS = YES;
				CLANG_WARN_STRICT_PROTOTYPES = YES;
				CLANG_WARN_SUSPICIOUS_MOVE = YES;
				CLANG_WARN_UNGUARDED_AVAILABILITY = YES_AGGRESSIVE;
				CLANG_WARN_UNREACHABLE_CODE = YES;
				CLANG_WARN__DUPLICATE_METHOD_MATCH = YES;
				CODE_SIGN_STYLE = Automatic;
				COPY_PHASE_STRIP = NO;
				DEBUG_INFORMATION_FORMAT = "dwarf-with-dsym";
				DEVELOPMENT_TEAM = 9NTP754TX2;
				ENABLE_NS_ASSERTIONS = NO;
				ENABLE_STRICT_OBJC_MSGSEND = YES;
				GCC_C_LANGUAGE_STANDARD = gnu11;
				GCC_NO_COMMON_BLOCKS = YES;
				GCC_WARN_64_TO_32_BIT_CONVERSION = YES;
				GCC_WARN_ABOUT_RETURN_TYPE = YES_ERROR;
				GCC_WARN_UNDECLARED_SELECTOR = YES;
				GCC_WARN_UNINITIALIZED_AUTOS = YES_AGGRESSIVE;
				GCC_WARN_UNUSED_FUNCTION = YES;
				GCC_WARN_UNUSED_VARIABLE = YES;
				MACOSX_DEPLOYMENT_TARGET = 26.0;
				MTL_ENABLE_DEBUG_INFO = NO;
				MTL_FAST_MATH = YES;
				ONLY_ACTIVE_ARCH = YES;
				PRODUCT_NAME = "$(TARGET_NAME)";
				SDKROOT = macosx;
				SWIFT_COMPILATION_MODE = wholemodule;
				SWIFT_OPTIMIZATION_LEVEL = "-O";
				SWIFT_VERSION = 5.0;
			};
			name = Release;
		};
		DABB952B3E031F1533D21ABE /* Debug */ = {
			isa = XCBuildConfiguration;
			buildSettings = {
				APPLICATION_EXTENSION_API_ONLY = YES;
				CODE_SIGN_ENTITLEMENTS = Control/CaffeineControls.entitlements;
				COMBINE_HIDPI_IMAGES = YES;
				INFOPLIST_FILE = Control/Info.plist;
				LD_RUNPATH_SEARCH_PATHS = (
					"$(inherited)",
					"@executable_path/../Frameworks",
					"@executable_path/../../../../Frameworks",
				);
				PRODUCT_BUNDLE_IDENTIFIER = com.kimiyashar.CaffeineToggle.Controls;
				PRODUCT_NAME = CaffeineControls;
				SDKROOT = macosx;
				SKIP_INSTALL = YES;
			};
			name = Debug;
		};
		F92A172E9C7C843770408A51 /* Debug */ = {
			isa = XCBuildConfiguration;
			buildSettings = {
				ASSETCATALOG_COMPILER_APPICON_NAME = AppIcon;
				CODE_SIGN_ENTITLEMENTS = App/CaffeineToggle.entitlements;
				COMBINE_HIDPI_IMAGES = YES;
				EXECUTABLE_NAME = CaffeineToggle;
				INFOPLIST_FILE = Info.plist;
				LD_RUNPATH_SEARCH_PATHS = (
					"$(inherited)",
					"@executable_path/../Frameworks",
				);
				PRODUCT_BUNDLE_IDENTIFIER = com.kimiyashar.CaffeineToggle;
				PRODUCT_NAME = "Caffeine Toggle";
				SDKROOT = macosx;
			};
			name = Debug;
		};
/* End XCBuildConfiguration section */

/* Begin XCConfigurationList section */
		239BE9F2ADD4FB9C9239DAD5 /* Build configuration list for PBXNativeTarget "CaffeineToggle" */ = {
			isa = XCConfigurationList;
			buildConfigurations = (
				F92A172E9C7C843770408A51 /* Debug */,
				7A0980751A36C36F1A95478F /* Release */,
			);
			defaultConfigurationIsVisible = 0;
			defaultConfigurationName = Debug;
		};
		7558D6E414BC452269C2C146 /* Build configuration list for PBXProject "CaffeineToggle" */ = {
			isa = XCConfigurationList;
			buildConfigurations = (
				80B502274DB53AD70A85A116 /* Debug */,
				C6801774A822398BCACE851F /* Release */,
			);
			defaultConfigurationIsVisible = 0;
			defaultConfigurationName = Debug;
		};
		86BBFB80C1E13DE0ACA293EE /* Build configuration list for PBXNativeTarget "CaffeineToggleTests" */ = {
			isa = XCConfigurationList;
			buildConfigurations = (
				232A8732F1D446EF434A135D /* Debug */,
				AD2F2CDD26E2CD775AA57E82 /* Release */,
			);
			defaultConfigurationIsVisible = 0;
			defaultConfigurationName = Debug;
		};
		F714B01124ADC3BA8CAAE04D /* Build configuration list for PBXNativeTarget "CaffeineControls" */ = {
			isa = XCConfigurationList;
			buildConfigurations = (
				DABB952B3E031F1533D21ABE /* Debug */,
				57D53148EA170BAF6FABF1DC /* Release */,
			);
			defaultConfigurationIsVisible = 0;
			defaultConfigurationName = Debug;
		};
/* End XCConfigurationList section */
	};
	rootObject = ADD557CA21B269A7DFE18867 /* Project object */;
}
